// !$*UTF8*$!
{
	archiveVersion = 1;
	classes = {
	};
	objectVersion = 54;
	objects = {

/* Begin PBXBuildFile section */
		B40B25A527A1B8E300A037E9 /* VerseMastery.swift in Sources */ = {isa = PBXBuildFile; fileRef = B40B25A427A1B8E200A037E9 /* VerseMastery.swift */; };
		B40B25A827A2ADA000A037E9 /* QuestionFeedback.swift in Sources */ = {isa = PBXBuildFile; fileRef = B40B25A727A2AD9F00A037E9 /* QuestionFeedback.swift */; };
		B413F3EE25DD27C5001D974C /* Bool.swift in Sources */ = {isa = PBXBuildFile; fileRef = B413F3ED25DD27C5001D974C /* Bool.swift */; };
		B413F40225DD71E1001D974C /* FlowLayoutView.swift in Sources */ = {isa = PBXBuildFile; fileRef = B413F40125DD71E0001D974C /* FlowLayoutView.swift */; };
		B42478D525D85EE00064A04D /* LearningSetView.swift in Sources */ = {isa = PBXBuildFile; fileRef = B42478D425D85EE00064A04D /* LearningSetView.swift */; };
		B42478DF25D869610064A04D /* AddLearningGoalView.swift in Sources */ = {isa = PBXBuildFile; fileRef = B42478DE25D869610064A04D /* AddLearningGoalView.swift */; };
		B43D624E25D977D400CD2C65 /* UserDocuments.swift in Sources */ = {isa = PBXBuildFile; fileRef = B43D624D25D977D400CD2C65 /* UserDocuments.swift */; };
		B4421A722E8D75D40012889C /* PracticeQuestionView.swift in Sources */ = {isa = PBXBuildFile; fileRef = B4421A712E8D75D40012889C /* PracticeQuestionView.swift */; };
		B4421A742E8E6E790012889C /* PlaylistPreviewView.swift in Sources */ = {isa = PBXBuildFile; fileRef = B4421A732E8E6E790012889C /* PlaylistPreviewView.swift */; };
		B4421A762E8E73CD0012889C /* PlaylistPreviewViewModel.swift in Sources */ = {isa = PBXBuildFile; fileRef = B4421A752E8E73CD0012889C /* PlaylistPreviewViewModel.swift */; };
		B44ACC4A2E8A8FD500EAC45E /* MemoriseView.swift in Sources */ = {isa = PBXBuildFile; fileRef = B44ACC492E8A8FD500EAC45E /* MemoriseView.swift */; };
		B44ACC4C2E8A9BB300EAC45E /* GuessLocationView.swift in Sources */ = {isa = PBXBuildFile; fileRef = B44ACC4B2E8A9BB300EAC45E /* GuessLocationView.swift */; };
		B44ACC4E2E8AC18800EAC45E /* ArrangeTheVerseView.swift in Sources */ = {isa = PBXBuildFile; fileRef = B44ACC4D2E8AC18800EAC45E /* ArrangeTheVerseView.swift */; };
		B44ACC502E8AD74800EAC45E /* FillInTheBlanksView.swift in Sources */ = {isa = PBXBuildFile; fileRef = B44ACC4F2E8AD74800EAC45E /* FillInTheBlanksView.swift */; };
		B44ACC522E8AFAEE00EAC45E /* MemorisationProgress.swift in Sources */ = {isa = PBXBuildFile; fileRef = B44ACC512E8AFAEE00EAC45E /* MemorisationProgress.swift */; };
		B44ACC5B2E8C025F00EAC45E /* ConfettiSwiftUI in Frameworks */ = {isa = PBXBuildFile; productRef = B44ACC5A2E8C025F00EAC45E /* ConfettiSwiftUI */; };
		B44ACC5D2E8C248300EAC45E /* BrandStyle.swift in Sources */ = {isa = PBXBuildFile; fileRef = B44ACC5C2E8C248300EAC45E /* BrandStyle.swift */; };
		B44ACC5F2E8C26B400EAC45E /* PracticeView.swift in Sources */ = {isa = PBXBuildFile; fileRef = B44ACC5E2E8C26B400EAC45E /* PracticeView.swift */; };
		B44C221E25DF04E2002AF368 /* GameKit.framework in Frameworks */ = {isa = PBXBuildFile; fileRef = B44C221D25DF04E2002AF368 /* GameKit.framework */; };
		B45D72A925EE9A5700CF8099 /* BibleApi in Resources */ = {isa = PBXBuildFile; fileRef = B45D72A825EE9A5700CF8099 /* BibleApi */; };
		B4820A9627A2F6CF00D1F76D /* PracticeViewModel.swift in Sources */ = {isa = PBXBuildFile; fileRef = B4820A9527A2F6CF00D1F76D /* PracticeViewModel.swift */; };
		B490F1882B9F1A7000E99141 /* BibleGoAdaptor.swift in Sources */ = {isa = PBXBuildFile; fileRef = B490F1872B9F1A7000E99141 /* BibleGoAdaptor.swift */; };
		B490F18A2B9F294300E99141 /* BibleAdaptor.swift in Sources */ = {isa = PBXBuildFile; fileRef = B490F1892B9F294300E99141 /* BibleAdaptor.swift */; };
		B490F18C2B9F299600E99141 /* Translation.swift in Sources */ = {isa = PBXBuildFile; fileRef = B490F18B2B9F299600E99141 /* Translation.swift */; };
		B490F18E2B9F2C4200E99141 /* BibleGoResponse.swift in Sources */ = {isa = PBXBuildFile; fileRef = B490F18D2B9F2C4200E99141 /* BibleGoResponse.swift */; };
		B490F1902B9F2FF800E99141 /* SettingsView.swift in Sources */ = {isa = PBXBuildFile; fileRef = B490F18F2B9F2FF700E99141 /* SettingsView.swift */; };
		B490F1922B9FA98300E99141 /* VersePickerViewModel.swift in Sources */ = {isa = PBXBuildFile; fileRef = B490F1912B9FA98300E99141 /* VersePickerViewModel.swift */; };
		B490F1942B9FADCE00E99141 /* BibleMetadata.swift in Sources */ = {isa = PBXBuildFile; fileRef = B490F1932B9FADCE00E99141 /* BibleMetadata.swift */; };
		B490F1A12BA2020300E99141 /* BibleDictation.swift in Sources */ = {isa = PBXBuildFile; fileRef = B490F1A02BA2020300E99141 /* BibleDictation.swift */; };
		B4AA6BB625C5E92F00A9D800 /* LearnView.swift in Sources */ = {isa = PBXBuildFile; fileRef = B4AA6BB525C5E92F00A9D800 /* LearnView.swift */; };
		B4AA6BBB25C6F17D00A9D800 /* RootTabView.swift in Sources */ = {isa = PBXBuildFile; fileRef = B4AA6BBA25C6F17D00A9D800 /* RootTabView.swift */; };
		B4E6645825A20D070087AC26 /* TextMemoriserApp.swift in Sources */ = {isa = PBXBuildFile; fileRef = B4E6645725A20D070087AC26 /* TextMemoriserApp.swift */; };
		B4E6645C25A20D080087AC26 /* Assets.xcassets in Resources */ = {isa = PBXBuildFile; fileRef = B4E6645B25A20D080087AC26 /* Assets.xcassets */; };
		B4E6645F25A20D080087AC26 /* Preview Assets.xcassets in Resources */ = {isa = PBXBuildFile; fileRef = B4E6645E25A20D080087AC26 /* Preview Assets.xcassets */; };
		B4E6646A25A20D080087AC26 /* TextMemoriserTests.swift in Sources */ = {isa = PBXBuildFile; fileRef = B4E6646925A20D080087AC26 /* TextMemoriserTests.swift */; };
		B4E6647525A20D080087AC26 /* TextMemoriserUITests.swift in Sources */ = {isa = PBXBuildFile; fileRef = B4E6647425A20D080087AC26 /* TextMemoriserUITests.swift */; };
		B4E664A125A379530087AC26 /* WordInVerse.swift in Sources */ = {isa = PBXBuildFile; fileRef = B4E664A025A379530087AC26 /* WordInVerse.swift */; };
		B4E664A925A71C600087AC26 /* EsvBibleAdaptor.swift in Sources */ = {isa = PBXBuildFile; fileRef = B4E664A825A71C600087AC26 /* EsvBibleAdaptor.swift */; };
		B4E664AE25A71F8D0087AC26 /* EsvBibleResponse.swift in Sources */ = {isa = PBXBuildFile; fileRef = B4E664AD25A71F8D0087AC26 /* EsvBibleResponse.swift */; };
		B4E664B325A723A10087AC26 /* StateController.swift in Sources */ = {isa = PBXBuildFile; fileRef = B4E664B225A723A10087AC26 /* StateController.swift */; };
		B4E664C325AA05520087AC26 /* VerseLocation.swift in Sources */ = {isa = PBXBuildFile; fileRef = B4E664C225AA05520087AC26 /* VerseLocation.swift */; };
		B4E664C825AA05910087AC26 /* Passage.swift in Sources */ = {isa = PBXBuildFile; fileRef = B4E664C725AA05910087AC26 /* Passage.swift */; };
		B4E664DE25AA08EB0087AC26 /* Question.swift in Sources */ = {isa = PBXBuildFile; fileRef = B4E664DD25AA08EB0087AC26 /* Question.swift */; };
/* End PBXBuildFile section */

/* Begin PBXContainerItemProxy section */
		B4E6646625A20D080087AC26 /* PBXContainerItemProxy */ = {
			isa = PBXContainerItemProxy;
			containerPortal = B4E6644C25A20D070087AC26 /* Project object */;
			proxyType = 1;
			remoteGlobalIDString = B4E6645325A20D070087AC26;
			remoteInfo = TextMemoriser;
		};
		B4E6647125A20D080087AC26 /* PBXContainerItemProxy */ = {
			isa = PBXContainerItemProxy;
			containerPortal = B4E6644C25A20D070087AC26 /* Project object */;
			proxyType = 1;
			remoteGlobalIDString = B4E6645325A20D070087AC26;
			remoteInfo = TextMemoriser;
		};
/* End PBXContainerItemProxy section */

/* Begin PBXFileReference section */
		B40B25A427A1B8E200A037E9 /* VerseMastery.swift */ = {isa = PBXFileReference; lastKnownFileType = sourcecode.swift; path = VerseMastery.swift; sourceTree = "<group>"; };
		B40B25A727A2AD9F00A037E9 /* QuestionFeedback.swift */ = {isa = PBXFileReference; lastKnownFileType = sourcecode.swift; path = QuestionFeedback.swift; sourceTree = "<group>"; };
		B413F3ED25DD27C5001D974C /* Bool.swift */ = {isa = PBXFileReference; lastKnownFileType = sourcecode.swift; path = Bool.swift; sourceTree = "<group>"; };
		B413F40125DD71E0001D974C /* FlowLayoutView.swift */ = {isa = PBXFileReference; lastKnownFileType = sourcecode.swift; path = FlowLayoutView.swift; sourceTree = "<group>"; };
		B42478D425D85EE00064A04D /* LearningSetView.swift */ = {isa = PBXFileReference; lastKnownFileType = sourcecode.swift; path = LearningSetView.swift; sourceTree = "<group>"; };
		B42478DE25D869610064A04D /* AddLearningGoalView.swift */ = {isa = PBXFileReference; lastKnownFileType = sourcecode.swift; path = AddLearningGoalView.swift; sourceTree = "<group>"; };
		B43D624D25D977D400CD2C65 /* UserDocuments.swift */ = {isa = PBXFileReference; lastKnownFileType = sourcecode.swift; path = UserDocuments.swift; sourceTree = "<group>"; };
		B4421A712E8D75D40012889C /* PracticeQuestionView.swift */ = {isa = PBXFileReference; lastKnownFileType = sourcecode.swift; path = PracticeQuestionView.swift; sourceTree = "<group>"; };
		B4421A732E8E6E790012889C /* PlaylistPreviewView.swift */ = {isa = PBXFileReference; lastKnownFileType = sourcecode.swift; path = PlaylistPreviewView.swift; sourceTree = "<group>"; };
		B4421A752E8E73CD0012889C /* PlaylistPreviewViewModel.swift */ = {isa = PBXFileReference; lastKnownFileType = sourcecode.swift; path = PlaylistPreviewViewModel.swift; sourceTree = "<group>"; };
		B44ACC492E8A8FD500EAC45E /* MemoriseView.swift */ = {isa = PBXFileReference; lastKnownFileType = sourcecode.swift; path = MemoriseView.swift; sourceTree = "<group>"; };
		B44ACC4B2E8A9BB300EAC45E /* GuessLocationView.swift */ = {isa = PBXFileReference; lastKnownFileType = sourcecode.swift; path = GuessLocationView.swift; sourceTree = "<group>"; };
		B44ACC4D2E8AC18800EAC45E /* ArrangeTheVerseView.swift */ = {isa = PBXFileReference; lastKnownFileType = sourcecode.swift; path = ArrangeTheVerseView.swift; sourceTree = "<group>"; };
		B44ACC4F2E8AD74800EAC45E /* FillInTheBlanksView.swift */ = {isa = PBXFileReference; lastKnownFileType = sourcecode.swift; path = FillInTheBlanksView.swift; sourceTree = "<group>"; };
		B44ACC512E8AFAEE00EAC45E /* MemorisationProgress.swift */ = {isa = PBXFileReference; lastKnownFileType = sourcecode.swift; path = MemorisationProgress.swift; sourceTree = "<group>"; };
		B44ACC5C2E8C248300EAC45E /* BrandStyle.swift */ = {isa = PBXFileReference; lastKnownFileType = sourcecode.swift; path = BrandStyle.swift; sourceTree = "<group>"; };
		B44ACC5E2E8C26B400EAC45E /* PracticeView.swift */ = {isa = PBXFileReference; lastKnownFileType = sourcecode.swift; path = PracticeView.swift; sourceTree = "<group>"; };
		B44C221D25DF04E2002AF368 /* GameKit.framework */ = {isa = PBXFileReference; lastKnownFileType = wrapper.framework; name = GameKit.framework; path = System/Library/Frameworks/GameKit.framework; sourceTree = SDKROOT; };
		B45D72A825EE9A5700CF8099 /* BibleApi */ = {isa = PBXFileReference; lastKnownFileType = text; path = BibleApi; sourceTree = "<group>"; };
		B4820A9527A2F6CF00D1F76D /* PracticeViewModel.swift */ = {isa = PBXFileReference; lastKnownFileType = sourcecode.swift; path = PracticeViewModel.swift; sourceTree = "<group>"; };
		B490F1872B9F1A7000E99141 /* BibleGoAdaptor.swift */ = {isa = PBXFileReference; lastKnownFileType = sourcecode.swift; path = BibleGoAdaptor.swift; sourceTree = "<group>"; };
		B490F1892B9F294300E99141 /* BibleAdaptor.swift */ = {isa = PBXFileReference; lastKnownFileType = sourcecode.swift; path = BibleAdaptor.swift; sourceTree = "<group>"; };
		B490F18B2B9F299600E99141 /* Translation.swift */ = {isa = PBXFileReference; lastKnownFileType = sourcecode.swift; path = Translation.swift; sourceTree = "<group>"; };
		B490F18D2B9F2C4200E99141 /* BibleGoResponse.swift */ = {isa = PBXFileReference; lastKnownFileType = sourcecode.swift; path = BibleGoResponse.swift; sourceTree = "<group>"; };
		B490F18F2B9F2FF700E99141 /* SettingsView.swift */ = {isa = PBXFileReference; lastKnownFileType = sourcecode.swift; path = SettingsView.swift; sourceTree = "<group>"; };
		B490F1912B9FA98300E99141 /* VersePickerViewModel.swift */ = {isa = PBXFileReference; lastKnownFileType = sourcecode.swift; path = VersePickerViewModel.swift; sourceTree = "<group>"; };
		B490F1932B9FADCE00E99141 /* BibleMetadata.swift */ = {isa = PBXFileReference; lastKnownFileType = sourcecode.swift; path = BibleMetadata.swift; sourceTree = "<group>"; };
		B490F19F2BA1F27D00E99141 /* Roadmap.md */ = {isa = PBXFileReference; lastKnownFileType = net.daringfireball.markdown; path = Roadmap.md; sourceTree = "<group>"; };
		B490F1A02BA2020300E99141 /* BibleDictation.swift */ = {isa = PBXFileReference; lastKnownFileType = sourcecode.swift; path = BibleDictation.swift; sourceTree = "<group>"; };
		B4AA6BB525C5E92F00A9D800 /* LearnView.swift */ = {isa = PBXFileReference; lastKnownFileType = sourcecode.swift; path = LearnView.swift; sourceTree = "<group>"; };
		B4AA6BBA25C6F17D00A9D800 /* RootTabView.swift */ = {isa = PBXFileReference; lastKnownFileType = sourcecode.swift; path = RootTabView.swift; sourceTree = "<group>"; };
		B4E6645425A20D070087AC26 /* TextMemoriser.app */ = {isa = PBXFileReference; explicitFileType = wrapper.application; includeInIndex = 0; path = TextMemoriser.app; sourceTree = BUILT_PRODUCTS_DIR; };
		B4E6645725A20D070087AC26 /* TextMemoriserApp.swift */ = {isa = PBXFileReference; lastKnownFileType = sourcecode.swift; path = TextMemoriserApp.swift; sourceTree = "<group>"; };
		B4E6645B25A20D080087AC26 /* Assets.xcassets */ = {isa = PBXFileReference; lastKnownFileType = folder.assetcatalog; path = Assets.xcassets; sourceTree = "<group>"; };
		B4E6645E25A20D080087AC26 /* Preview Assets.xcassets */ = {isa = PBXFileReference; lastKnownFileType = folder.assetcatalog; path = "Preview Assets.xcassets"; sourceTree = "<group>"; };
		B4E6646025A20D080087AC26 /* Info.plist */ = {isa = PBXFileReference; lastKnownFileType = text.plist.xml; path = Info.plist; sourceTree = "<group>"; };
		B4E6646525A20D080087AC26 /* TextMemoriserTests.xctest */ = {isa = PBXFileReference; explicitFileType = wrapper.cfbundle; includeInIndex = 0; path = TextMemoriserTests.xctest; sourceTree = BUILT_PRODUCTS_DIR; };
		B4E6646925A20D080087AC26 /* TextMemoriserTests.swift */ = {isa = PBXFileReference; lastKnownFileType = sourcecode.swift; path = TextMemoriserTests.swift; sourceTree = "<group>"; };
		B4E6646B25A20D080087AC26 /* Info.plist */ = {isa = PBXFileReference; lastKnownFileType = text.plist.xml; path = Info.plist; sourceTree = "<group>"; };
		B4E6647025A20D080087AC26 /* TextMemoriserUITests.xctest */ = {isa = PBXFileReference; explicitFileType = wrapper.cfbundle; includeInIndex = 0; path = TextMemoriserUITests.xctest; sourceTree = BUILT_PRODUCTS_DIR; };
		B4E6647425A20D080087AC26 /* TextMemoriserUITests.swift */ = {isa = PBXFileReference; lastKnownFileType = sourcecode.swift; path = TextMemoriserUITests.swift; sourceTree = "<group>"; };
		B4E6647625A20D080087AC26 /* Info.plist */ = {isa = PBXFileReference; lastKnownFileType = text.plist.xml; path = Info.plist; sourceTree = "<group>"; };
		B4E664A025A379530087AC26 /* WordInVerse.swift */ = {isa = PBXFileReference; lastKnownFileType = sourcecode.swift; path = WordInVerse.swift; sourceTree = "<group>"; };
		B4E664A825A71C600087AC26 /* EsvBibleAdaptor.swift */ = {isa = PBXFileReference; lastKnownFileType = sourcecode.swift; path = EsvBibleAdaptor.swift; sourceTree = "<group>"; };
		B4E664AD25A71F8D0087AC26 /* EsvBibleResponse.swift */ = {isa = PBXFileReference; lastKnownFileType = sourcecode.swift; path = EsvBibleResponse.swift; sourceTree = "<group>"; };
		B4E664B225A723A10087AC26 /* StateController.swift */ = {isa = PBXFileReference; lastKnownFileType = sourcecode.swift; path = StateController.swift; sourceTree = "<group>"; };
		B4E664C225AA05520087AC26 /* VerseLocation.swift */ = {isa = PBXFileReference; lastKnownFileType = sourcecode.swift; path = VerseLocation.swift; sourceTree = "<group>"; };
		B4E664C725AA05910087AC26 /* Passage.swift */ = {isa = PBXFileReference; lastKnownFileType = sourcecode.swift; path = Passage.swift; sourceTree = "<group>"; };
		B4E664DD25AA08EB0087AC26 /* Question.swift */ = {isa = PBXFileReference; lastKnownFileType = sourcecode.swift; path = Question.swift; sourceTree = "<group>"; };
/* End PBXFileReference section */

/* Begin PBXFrameworksBuildPhase section */
		B4E6645125A20D070087AC26 /* Frameworks */ = {
			isa = PBXFrameworksBuildPhase;
			buildActionMask = 2147483647;
			files = (
				B44ACC5B2E8C025F00EAC45E /* ConfettiSwiftUI in Frameworks */,
				B44C221E25DF04E2002AF368 /* GameKit.framework in Frameworks */,
			);
			runOnlyForDeploymentPostprocessing = 0;
		};
		B4E6646225A20D080087AC26 /* Frameworks */ = {
			isa = PBXFrameworksBuildPhase;
			buildActionMask = 2147483647;
			files = (
			);
			runOnlyForDeploymentPostprocessing = 0;
		};
		B4E6646D25A20D080087AC26 /* Frameworks */ = {
			isa = PBXFrameworksBuildPhase;
			buildActionMask = 2147483647;
			files = (
			);
			runOnlyForDeploymentPostprocessing = 0;
		};
/* End PBXFrameworksBuildPhase section */

/* Begin PBXGroup section */
		B40B25A627A2AD7800A037E9 /* ViewModel */ = {
			isa = PBXGroup;
			children = (
				B40B25A727A2AD9F00A037E9 /* QuestionFeedback.swift */,
				B4820A9527A2F6CF00D1F76D /* PracticeViewModel.swift */,
				B490F1912B9FA98300E99141 /* VersePickerViewModel.swift */,
				B44ACC512E8AFAEE00EAC45E /* MemorisationProgress.swift */,
				B4421A752E8E73CD0012889C /* PlaylistPreviewViewModel.swift */,
			);
			path = ViewModel;
			sourceTree = "<group>";
		};
		B42478E625D96D290064A04D /* Model */ = {
			isa = PBXGroup;
			children = (
				B4E664A025A379530087AC26 /* WordInVerse.swift */,
				B4E664C225AA05520087AC26 /* VerseLocation.swift */,
				B4E664C725AA05910087AC26 /* Passage.swift */,
				B4E664DD25AA08EB0087AC26 /* Question.swift */,
				B40B25A427A1B8E200A037E9 /* VerseMastery.swift */,
				B490F18B2B9F299600E99141 /* Translation.swift */,
				B490F1932B9FADCE00E99141 /* BibleMetadata.swift */,
			);
			path = Model;
			sourceTree = "<group>";
		};
		B42478E725D96D370064A04D /* View */ = {
			isa = PBXGroup;
			children = (
				B4AA6BB525C5E92F00A9D800 /* LearnView.swift */,
				B42478DE25D869610064A04D /* AddLearningGoalView.swift */,
				B4AA6BBA25C6F17D00A9D800 /* RootTabView.swift */,
				B42478D425D85EE00064A04D /* LearningSetView.swift */,
				B413F40125DD71E0001D974C /* FlowLayoutView.swift */,
				B490F18F2B9F2FF700E99141 /* SettingsView.swift */,
				B44ACC492E8A8FD500EAC45E /* MemoriseView.swift */,
				B44ACC4B2E8A9BB300EAC45E /* GuessLocationView.swift */,
				B44ACC4D2E8AC18800EAC45E /* ArrangeTheVerseView.swift */,
				B44ACC4F2E8AD74800EAC45E /* FillInTheBlanksView.swift */,
				B44ACC5C2E8C248300EAC45E /* BrandStyle.swift */,
				B44ACC5E2E8C26B400EAC45E /* PracticeView.swift */,
				B4421A712E8D75D40012889C /* PracticeQuestionView.swift */,
				B4421A732E8E6E790012889C /* PlaylistPreviewView.swift */,
			);
			path = View;
			sourceTree = "<group>";
		};
		B42478E825D96D780064A04D /* Web */ = {
			isa = PBXGroup;
			children = (
				B4E664A825A71C600087AC26 /* EsvBibleAdaptor.swift */,
				B4E664AD25A71F8D0087AC26 /* EsvBibleResponse.swift */,
				B490F1872B9F1A7000E99141 /* BibleGoAdaptor.swift */,
				B490F1892B9F294300E99141 /* BibleAdaptor.swift */,
				B490F18D2B9F2C4200E99141 /* BibleGoResponse.swift */,
			);
			path = Web;
			sourceTree = "<group>";
		};
		B43D624C25D977C100CD2C65 /* Extensions */ = {
			isa = PBXGroup;
			children = (
				B43D624D25D977D400CD2C65 /* UserDocuments.swift */,
				B413F3ED25DD27C5001D974C /* Bool.swift */,
			);
			path = Extensions;
			sourceTree = "<group>";
		};
		B44C221C25DF04E2002AF368 /* Frameworks */ = {
			isa = PBXGroup;
			children = (
				B44C221D25DF04E2002AF368 /* GameKit.framework */,
			);
			name = Frameworks;
			sourceTree = "<group>";
		};
		B4E6644B25A20D070087AC26 = {
			isa = PBXGroup;
			children = (
				B4E6645625A20D070087AC26 /* TextMemoriser */,
				B4E6646825A20D080087AC26 /* TextMemoriserTests */,
				B4E6647325A20D080087AC26 /* TextMemoriserUITests */,
				B4E6645525A20D070087AC26 /* Products */,
				B44C221C25DF04E2002AF368 /* Frameworks */,
			);
			sourceTree = "<group>";
		};
		B4E6645525A20D070087AC26 /* Products */ = {
			isa = PBXGroup;
			children = (
				B4E6645425A20D070087AC26 /* TextMemoriser.app */,
				B4E6646525A20D080087AC26 /* TextMemoriserTests.xctest */,
				B4E6647025A20D080087AC26 /* TextMemoriserUITests.xctest */,
			);
			name = Products;
			sourceTree = "<group>";
		};
		B4E6645625A20D070087AC26 /* TextMemoriser */ = {
			isa = PBXGroup;
			children = (
				B40B25A627A2AD7800A037E9 /* ViewModel */,
				B43D624C25D977C100CD2C65 /* Extensions */,
				B42478E825D96D780064A04D /* Web */,
				B42478E725D96D370064A04D /* View */,
				B42478E625D96D290064A04D /* Model */,
				B4E6645725A20D070087AC26 /* TextMemoriserApp.swift */,
				B4E664B225A723A10087AC26 /* StateController.swift */,
				B4E6645B25A20D080087AC26 /* Assets.xcassets */,
				B4E6646025A20D080087AC26 /* Info.plist */,
				B4E6645D25A20D080087AC26 /* Preview Content */,
				B45D72A825EE9A5700CF8099 /* BibleApi */,
				B490F19F2BA1F27D00E99141 /* Roadmap.md */,
				B490F1A02BA2020300E99141 /* BibleDictation.swift */,
			);
			path = TextMemoriser;
			sourceTree = "<group>";
		};
		B4E6645D25A20D080087AC26 /* Preview Content */ = {
			isa = PBXGroup;
			children = (
				B4E6645E25A20D080087AC26 /* Preview Assets.xcassets */,
			);
			path = "Preview Content";
			sourceTree = "<group>";
		};
		B4E6646825A20D080087AC26 /* TextMemoriserTests */ = {
			isa = PBXGroup;
			children = (
				B4E6646925A20D080087AC26 /* TextMemoriserTests.swift */,
				B4E6646B25A20D080087AC26 /* Info.plist */,
			);
			path = TextMemoriserTests;
			sourceTree = "<group>";
		};
		B4E6647325A20D080087AC26 /* TextMemoriserUITests */ = {
			isa = PBXGroup;
			children = (
				B4E6647425A20D080087AC26 /* TextMemoriserUITests.swift */,
				B4E6647625A20D080087AC26 /* Info.plist */,
			);
			path = TextMemoriserUITests;
			sourceTree = "<group>";
		};
/* End PBXGroup section */

/* Begin PBXNativeTarget section */
		B4E6645325A20D070087AC26 /* TextMemoriser */ = {
			isa = PBXNativeTarget;
			buildConfigurationList = B4E6647925A20D080087AC26 /* Build configuration list for PBXNativeTarget "TextMemoriser" */;
			buildPhases = (
				B4E6645025A20D070087AC26 /* Sources */,
				B4E6645125A20D070087AC26 /* Frameworks */,
				B4E6645225A20D070087AC26 /* Resources */,
			);
			buildRules = (
			);
			dependencies = (
			);
			name = TextMemoriser;
			productName = TextMemoriser;
			productReference = B4E6645425A20D070087AC26 /* TextMemoriser.app */;
			productType = "com.apple.product-type.application";
		};
		B4E6646425A20D080087AC26 /* TextMemoriserTests */ = {
			isa = PBXNativeTarget;
			buildConfigurationList = B4E6647C25A20D080087AC26 /* Build configuration list for PBXNativeTarget "TextMemoriserTests" */;
			buildPhases = (
				B4E6646125A20D080087AC26 /* Sources */,
				B4E6646225A20D080087AC26 /* Frameworks */,
				B4E6646325A20D080087AC26 /* Resources */,
			);
			buildRules = (
			);
			dependencies = (
				B4E6646725A20D080087AC26 /* PBXTargetDependency */,
			);
			name = TextMemoriserTests;
			productName = TextMemoriserTests;
			productReference = B4E6646525A20D080087AC26 /* TextMemoriserTests.xctest */;
			productType = "com.apple.product-type.bundle.unit-test";
		};
		B4E6646F25A20D080087AC26 /* TextMemoriserUITests */ = {
			isa = PBXNativeTarget;
			buildConfigurationList = B4E6647F25A20D080087AC26 /* Build configuration list for PBXNativeTarget "TextMemoriserUITests" */;
			buildPhases = (
				B4E6646C25A20D080087AC26 /* Sources */,
				B4E6646D25A20D080087AC26 /* Frameworks */,
				B4E6646E25A20D080087AC26 /* Resources */,
			);
			buildRules = (
			);
			dependencies = (
				B4E6647225A20D080087AC26 /* PBXTargetDependency */,
			);
			name = TextMemoriserUITests;
			productName = TextMemoriserUITests;
			productReference = B4E6647025A20D080087AC26 /* TextMemoriserUITests.xctest */;
			productType = "com.apple.product-type.bundle.ui-testing";
		};
/* End PBXNativeTarget section */

/* Begin PBXProject section */
		B4E6644C25A20D070087AC26 /* Project object */ = {
			isa = PBXProject;
			attributes = {
				LastSwiftUpdateCheck = 1220;
				LastUpgradeCheck = 1220;
				TargetAttributes = {
					B4E6645325A20D070087AC26 = {
						CreatedOnToolsVersion = 12.2;
					};
					B4E6646425A20D080087AC26 = {
						CreatedOnToolsVersion = 12.2;
						TestTargetID = B4E6645325A20D070087AC26;
					};
					B4E6646F25A20D080087AC26 = {
						CreatedOnToolsVersion = 12.2;
						TestTargetID = B4E6645325A20D070087AC26;
					};
				};
			};
			buildConfigurationList = B4E6644F25A20D070087AC26 /* Build configuration list for PBXProject "TextMemoriser" */;
			compatibilityVersion = "Xcode 9.3";
			developmentRegion = en;
			hasScannedForEncodings = 0;
			knownRegions = (
				en,
				Base,
			);
			mainGroup = B4E6644B25A20D070087AC26;
			packageReferences = (
				B44ACC592E8C025F00EAC45E /* XCRemoteSwiftPackageReference "ConfettiSwiftUI" */,
			);
			productRefGroup = B4E6645525A20D070087AC26 /* Products */;
			projectDirPath = "";
			projectRoot = "";
			targets = (
				B4E6645325A20D070087AC26 /* TextMemoriser */,
				B4E6646425A20D080087AC26 /* TextMemoriserTests */,
				B4E6646F25A20D080087AC26 /* TextMemoriserUITests */,
			);
		};
/* End PBXProject section */

/* Begin PBXResourcesBuildPhase section */
		B4E6645225A20D070087AC26 /* Resources */ = {
			isa = PBXResourcesBuildPhase;
			buildActionMask = 2147483647;
			files = (
				B45D72A925EE9A5700CF8099 /* BibleApi in Resources */,
				B4E6645F25A20D080087AC26 /* Preview Assets.xcassets in Resources */,
				B4E6645C25A20D080087AC26 /* Assets.xcassets in Resources */,
			);
			runOnlyForDeploymentPostprocessing = 0;
		};
		B4E6646325A20D080087AC26 /* Resources */ = {
			isa = PBXResourcesBuildPhase;
			buildActionMask = 2147483647;
			files = (
			);
			runOnlyForDeploymentPostprocessing = 0;
		};
		B4E6646E25A20D080087AC26 /* Resources */ = {
			isa = PBXResourcesBuildPhase;
			buildActionMask = 2147483647;
			files = (
			);
			runOnlyForDeploymentPostprocessing = 0;
		};
/* End PBXResourcesBuildPhase section */

/* Begin PBXSourcesBuildPhase section */
		B4E6645025A20D070087AC26 /* Sources */ = {
			isa = PBXSourcesBuildPhase;
			buildActionMask = 2147483647;
			files = (
				B4AA6BBB25C6F17D00A9D800 /* RootTabView.swift in Sources */,
				B40B25A527A1B8E300A037E9 /* VerseMastery.swift in Sources */,
				B490F18C2B9F299600E99141 /* Translation.swift in Sources */,
				B4E664B325A723A10087AC26 /* StateController.swift in Sources */,
				B4E664C325AA05520087AC26 /* VerseLocation.swift in Sources */,
				B4E664A925A71C600087AC26 /* EsvBibleAdaptor.swift in Sources */,
				B42478DF25D869610064A04D /* AddLearningGoalView.swift in Sources */,
				B44ACC4C2E8A9BB300EAC45E /* GuessLocationView.swift in Sources */,
				B490F18E2B9F2C4200E99141 /* BibleGoResponse.swift in Sources */,
				B44ACC4A2E8A8FD500EAC45E /* MemoriseView.swift in Sources */,
				B4E664DE25AA08EB0087AC26 /* Question.swift in Sources */,
				B490F18A2B9F294300E99141 /* BibleAdaptor.swift in Sources */,
				B4E664C825AA05910087AC26 /* Passage.swift in Sources */,
				B4E664A125A379530087AC26 /* WordInVerse.swift in Sources */,
				B44ACC5F2E8C26B400EAC45E /* PracticeView.swift in Sources */,
				B44ACC5D2E8C248300EAC45E /* BrandStyle.swift in Sources */,
				B44ACC522E8AFAEE00EAC45E /* MemorisationProgress.swift in Sources */,
				B413F3EE25DD27C5001D974C /* Bool.swift in Sources */,
				B42478D525D85EE00064A04D /* LearningSetView.swift in Sources */,
				B4820A9627A2F6CF00D1F76D /* PracticeViewModel.swift in Sources */,
				B490F1902B9F2FF800E99141 /* SettingsView.swift in Sources */,
				B4421A722E8D75D40012889C /* PracticeQuestionView.swift in Sources */,
				B490F1922B9FA98300E99141 /* VersePickerViewModel.swift in Sources */,
				B44ACC4E2E8AC18800EAC45E /* ArrangeTheVerseView.swift in Sources */,
				B44ACC502E8AD74800EAC45E /* FillInTheBlanksView.swift in Sources */,
				B4E664AE25A71F8D0087AC26 /* EsvBibleResponse.swift in Sources */,
				B4AA6BB625C5E92F00A9D800 /* LearnView.swift in Sources */,
				B40B25A827A2ADA000A037E9 /* QuestionFeedback.swift in Sources */,
				B4421A742E8E6E790012889C /* PlaylistPreviewView.swift in Sources */,
				B4421A762E8E73CD0012889C /* PlaylistPreviewViewModel.swift in Sources */,
				B413F40225DD71E1001D974C /* FlowLayoutView.swift in Sources */,
				B43D624E25D977D400CD2C65 /* UserDocuments.swift in Sources */,
				B4E6645825A20D070087AC26 /* TextMemoriserApp.swift in Sources */,
				B490F1A12BA2020300E99141 /* BibleDictation.swift in Sources */,
				B490F1882B9F1A7000E99141 /* BibleGoAdaptor.swift in Sources */,
				B490F1942B9FADCE00E99141 /* BibleMetadata.swift in Sources */,
			);
			runOnlyForDeploymentPostprocessing = 0;
		};
		B4E6646125A20D080087AC26 /* Sources */ = {
			isa = PBXSourcesBuildPhase;
			buildActionMask = 2147483647;
			files = (
				B4E6646A25A20D080087AC26 /* TextMemoriserTests.swift in Sources */,
			);
			runOnlyForDeploymentPostprocessing = 0;
		};
		B4E6646C25A20D080087AC26 /* Sources */ = {
			isa = PBXSourcesBuildPhase;
			buildActionMask = 2147483647;
			files = (
				B4E6647525A20D080087AC26 /* TextMemoriserUITests.swift in Sources */,
			);
			runOnlyForDeploymentPostprocessing = 0;
		};
/* End PBXSourcesBuildPhase section */

/* Begin PBXTargetDependency section */
		B4E6646725A20D080087AC26 /* PBXTargetDependency */ = {
			isa = PBXTargetDependency;
			target = B4E6645325A20D070087AC26 /* TextMemoriser */;
			targetProxy = B4E6646625A20D080087AC26 /* PBXContainerItemProxy */;
		};
		B4E6647225A20D080087AC26 /* PBXTargetDependency */ = {
			isa = PBXTargetDependency;
			target = B4E6645325A20D070087AC26 /* TextMemoriser */;
			targetProxy = B4E6647125A20D080087AC26 /* PBXContainerItemProxy */;
		};
/* End PBXTargetDependency section */

/* Begin XCBuildConfiguration section */
		B4E6647725A20D080087AC26 /* Debug */ = {
			isa = XCBuildConfiguration;
			buildSettings = {
				ALWAYS_SEARCH_USER_PATHS = NO;
				CLANG_ANALYZER_NONNULL = YES;
				CLANG_ANALYZER_NUMBER_OBJECT_CONVERSION = YES_AGGRESSIVE;
				CLANG_CXX_LANGUAGE_STANDARD = "gnu++14";
				CLANG_CXX_LIBRARY = "libc++";
				CLANG_ENABLE_MODULES = YES;
				CLANG_ENABLE_OBJC_ARC = YES;
				CLANG_ENABLE_OBJC_WEAK = YES;
				CLANG_WARN_BLOCK_CAPTURE_AUTORELEASING = YES;
				CLANG_WARN_BOOL_CONVERSION = YES;
				CLANG_WARN_COMMA = YES;
				CLANG_WARN_CONSTANT_CONVERSION = YES;
				CLANG_WARN_DEPRECATED_OBJC_IMPLEMENTATIONS = YES;
				CLANG_WARN_DIRECT_OBJC_ISA_USAGE = YES_ERROR;
				CLANG_WARN_DOCUMENTATION_COMMENTS = YES;
				CLANG_WARN_EMPTY_BODY = YES;
				CLANG_WARN_ENUM_CONVERSION = YES;
				CLANG_WARN_INFINITE_RECURSION = YES;
				CLANG_WARN_INT_CONVERSION = YES;
				CLANG_WARN_NON_LITERAL_NULL_CONVERSION = YES;
				CLANG_WARN_OBJC_IMPLICIT_RETAIN_SELF = YES;
				CLANG_WARN_OBJC_LITERAL_CONVERSION = YES;
				CLANG_WARN_OBJC_ROOT_CLASS = YES_ERROR;
				CLANG_WARN_QUOTED_INCLUDE_IN_FRAMEWORK_HEADER = YES;
				CLANG_WARN_RANGE_LOOP_ANALYSIS = YES;
				CLANG_WARN_STRICT_PROTOTYPES = YES;
				CLANG_WARN_SUSPICIOUS_MOVE = YES;
				CLANG_WARN_UNGUARDED_AVAILABILITY = YES_AGGRESSIVE;
				CLANG_WARN_UNREACHABLE_CODE = YES;
				CLANG_WARN__DUPLICATE_METHOD_MATCH = YES;
				COPY_PHASE_STRIP = NO;
				DEBUG_INFORMATION_FORMAT = dwarf;
				ENABLE_STRICT_OBJC_MSGSEND = YES;
				ENABLE_TESTABILITY = YES;
				GCC_C_LANGUAGE_STANDARD = gnu11;
				GCC_DYNAMIC_NO_PIC = NO;
				GCC_NO_COMMON_BLOCKS = YES;
				GCC_OPTIMIZATION_LEVEL = 0;
				GCC_PREPROCESSOR_DEFINITIONS = (
					"DEBUG=1",
					"$(inherited)",
				);
				GCC_WARN_64_TO_32_BIT_CONVERSION = YES;
				GCC_WARN_ABOUT_RETURN_TYPE = YES_ERROR;
				GCC_WARN_UNDECLARED_SELECTOR = YES;
				GCC_WARN_UNINITIALIZED_AUTOS = YES_AGGRESSIVE;
				GCC_WARN_UNUSED_FUNCTION = YES;
				GCC_WARN_UNUSED_VARIABLE = YES;
				IPHONEOS_DEPLOYMENT_TARGET = 14.2;
				MTL_ENABLE_DEBUG_INFO = INCLUDE_SOURCE;
				MTL_FAST_MATH = YES;
				ONLY_ACTIVE_ARCH = YES;
				SDKROOT = iphoneos;
				SWIFT_ACTIVE_COMPILATION_CONDITIONS = DEBUG;
				SWIFT_OPTIMIZATION_LEVEL = "-Onone";
			};
			name = Debug;
		};
		B4E6647825A20D080087AC26 /* Release */ = {
			isa = XCBuildConfiguration;
			buildSettings = {
				ALWAYS_SEARCH_USER_PATHS = NO;
				CLANG_ANALYZER_NONNULL = YES;
				CLANG_ANALYZER_NUMBER_OBJECT_CONVERSION = YES_AGGRESSIVE;
				CLANG_CXX_LANGUAGE_STANDARD = "gnu++14";
				CLANG_CXX_LIBRARY = "libc++";
				CLANG_ENABLE_MODULES = YES;
				CLANG_ENABLE_OBJC_ARC = YES;
				CLANG_ENABLE_OBJC_WEAK = YES;
				CLANG_WARN_BLOCK_CAPTURE_AUTORELEASING = YES;
				CLANG_WARN_BOOL_CONVERSION = YES;
				CLANG_WARN_COMMA = YES;
				CLANG_WARN_CONSTANT_CONVERSION = YES;
				CLANG_WARN_DEPRECATED_OBJC_IMPLEMENTATIONS = YES;
				CLANG_WARN_DIRECT_OBJC_ISA_USAGE = YES_ERROR;
				CLANG_WARN_DOCUMENTATION_COMMENTS = YES;
				CLANG_WARN_EMPTY_BODY = YES;
				CLANG_WARN_ENUM_CONVERSION = YES;
				CLANG_WARN_INFINITE_RECURSION = YES;
				CLANG_WARN_INT_CONVERSION = YES;
				CLANG_WARN_NON_LITERAL_NULL_CONVERSION = YES;
				CLANG_WARN_OBJC_IMPLICIT_RETAIN_SELF = YES;
				CLANG_WARN_OBJC_LITERAL_CONVERSION = YES;
				CLANG_WARN_OBJC_ROOT_CLASS = YES_ERROR;
				CLANG_WARN_QUOTED_INCLUDE_IN_FRAMEWORK_HEADER = YES;
				CLANG_WARN_RANGE_LOOP_ANALYSIS = YES;
				CLANG_WARN_STRICT_PROTOTYPES = YES;
				CLANG_WARN_SUSPICIOUS_MOVE = YES;
				CLANG_WARN_UNGUARDED_AVAILABILITY = YES_AGGRESSIVE;
				CLANG_WARN_UNREACHABLE_CODE = YES;
				CLANG_WARN__DUPLICATE_METHOD_MATCH = YES;
				COPY_PHASE_STRIP = NO;
				DEBUG_INFORMATION_FORMAT = "dwarf-with-dsym";
				ENABLE_NS_ASSERTIONS = NO;
				ENABLE_STRICT_OBJC_MSGSEND = YES;
				GCC_C_LANGUAGE_STANDARD = gnu11;
				GCC_NO_COMMON_BLOCKS = YES;
				GCC_WARN_64_TO_32_BIT_CONVERSION = YES;
				GCC_WARN_ABOUT_RETURN_TYPE = YES_ERROR;
				GCC_WARN_UNDECLARED_SELECTOR = YES;
				GCC_WARN_UNINITIALIZED_AUTOS = YES_AGGRESSIVE;
				GCC_WARN_UNUSED_FUNCTION = YES;
				GCC_WARN_UNUSED_VARIABLE = YES;
				IPHONEOS_DEPLOYMENT_TARGET = 14.2;
				MTL_ENABLE_DEBUG_INFO = NO;
				MTL_FAST_MATH = YES;
				SDKROOT = iphoneos;
				SWIFT_COMPILATION_MODE = wholemodule;
				SWIFT_OPTIMIZATION_LEVEL = "-O";
				VALIDATE_PRODUCT = YES;
			};
			name = Release;
		};
		B4E6647A25A20D080087AC26 /* Debug */ = {
			isa = XCBuildConfiguration;
			buildSettings = {
				ASSETCATALOG_COMPILER_APPICON_NAME = AppIcon;
				ASSETCATALOG_COMPILER_GLOBAL_ACCENT_COLOR_NAME = AccentColor;
				CODE_SIGN_STYLE = Automatic;
				CURRENT_PROJECT_VERSION = 3;
				DEVELOPMENT_ASSET_PATHS = "\"TextMemoriser/Preview Content\"";
				DEVELOPMENT_TEAM = L3SD6D89SC;
				ENABLE_PREVIEWS = YES;
				INFOPLIST_FILE = TextMemoriser/Info.plist;
				INFOPLIST_KEY_CFBundleDisplayName = "Verse Alive";
				INFOPLIST_KEY_LSApplicationCategoryType = "public.app-category.education";
				IPHONEOS_DEPLOYMENT_TARGET = 16.6;
				LD_RUNPATH_SEARCH_PATHS = (
					"$(inherited)",
					"@executable_path/Frameworks",
				);
				MARKETING_VERSION = 1.1;
				PRODUCT_BUNDLE_IDENTIFIER = com.mistercormell.TextMemoriser;
				PRODUCT_NAME = "$(TARGET_NAME)";
				SUPPORTED_PLATFORMS = "iphoneos iphonesimulator";
				SUPPORTS_MACCATALYST = NO;
				SWIFT_VERSION = 5.0;
				TARGETED_DEVICE_FAMILY = "1,2";
			};
			name = Debug;
		};
		B4E6647B25A20D080087AC26 /* Release */ = {
			isa = XCBuildConfiguration;
			buildSettings = {
				ASSETCATALOG_COMPILER_APPICON_NAME = AppIcon;
				ASSETCATALOG_COMPILER_GLOBAL_ACCENT_COLOR_NAME = AccentColor;
				CODE_SIGN_STYLE = Automatic;
				CURRENT_PROJECT_VERSION = 3;
				DEVELOPMENT_ASSET_PATHS = "\"TextMemoriser/Preview Content\"";
				DEVELOPMENT_TEAM = L3SD6D89SC;
				ENABLE_PREVIEWS = YES;
				INFOPLIST_FILE = TextMemoriser/Info.plist;
				INFOPLIST_KEY_CFBundleDisplayName = "Verse Alive";
				INFOPLIST_KEY_LSApplicationCategoryType = "public.app-category.education";
				IPHONEOS_DEPLOYMENT_TARGET = 16.6;
				LD_RUNPATH_SEARCH_PATHS = (
					"$(inherited)",
					"@executable_path/Frameworks",
				);
				MARKETING_VERSION = 1.1;
				PRODUCT_BUNDLE_IDENTIFIER = com.mistercormell.TextMemoriser;
				PRODUCT_NAME = "$(TARGET_NAME)";
				SUPPORTED_PLATFORMS = "iphoneos iphonesimulator";
				SUPPORTS_MACCATALYST = NO;
				SWIFT_VERSION = 5.0;
				TARGETED_DEVICE_FAMILY = "1,2";
			};
			name = Release;
		};
		B4E6647D25A20D080087AC26 /* Debug */ = {
			isa = XCBuildConfiguration;
			buildSettings = {
				ALWAYS_EMBED_SWIFT_STANDARD_LIBRARIES = YES;
				BUNDLE_LOADER = "$(TEST_HOST)";
				CODE_SIGN_STYLE = Automatic;
				DEVELOPMENT_TEAM = 599QPW35GD;
				INFOPLIST_FILE = TextMemoriserTests/Info.plist;
				IPHONEOS_DEPLOYMENT_TARGET = 14.4;
				LD_RUNPATH_SEARCH_PATHS = (
					"$(inherited)",
					"@executable_path/Frameworks",
					"@loader_path/Frameworks",
				);
				PRODUCT_BUNDLE_IDENTIFIER = com.mrcormell.TextMemoriserTests;
				PRODUCT_NAME = "$(TARGET_NAME)";
				SWIFT_VERSION = 5.0;
				TARGETED_DEVICE_FAMILY = "1,2";
				TEST_HOST = "$(BUILT_PRODUCTS_DIR)/TextMemoriser.app/TextMemoriser";
			};
			name = Debug;
		};
		B4E6647E25A20D080087AC26 /* Release */ = {
			isa = XCBuildConfiguration;
			buildSettings = {
				ALWAYS_EMBED_SWIFT_STANDARD_LIBRARIES = YES;
				BUNDLE_LOADER = "$(TEST_HOST)";
				CODE_SIGN_STYLE = Automatic;
				DEVELOPMENT_TEAM = 599QPW35GD;
				INFOPLIST_FILE = TextMemoriserTests/Info.plist;
				IPHONEOS_DEPLOYMENT_TARGET = 14.4;
				LD_RUNPATH_SEARCH_PATHS = (
					"$(inherited)",
					"@executable_path/Frameworks",
					"@loader_path/Frameworks",
				);
				PRODUCT_BUNDLE_IDENTIFIER = com.mrcormell.TextMemoriserTests;
				PRODUCT_NAME = "$(TARGET_NAME)";
				SWIFT_VERSION = 5.0;
				TARGETED_DEVICE_FAMILY = "1,2";
				TEST_HOST = "$(BUILT_PRODUCTS_DIR)/TextMemoriser.app/TextMemoriser";
			};
			name = Release;
		};
		B4E6648025A20D080087AC26 /* Debug */ = {
			isa = XCBuildConfiguration;
			buildSettings = {
				ALWAYS_EMBED_SWIFT_STANDARD_LIBRARIES = YES;
				CODE_SIGN_STYLE = Automatic;
				DEVELOPMENT_TEAM = 599QPW35GD;
				INFOPLIST_FILE = TextMemoriserUITests/Info.plist;
				LD_RUNPATH_SEARCH_PATHS = (
					"$(inherited)",
					"@executable_path/Frameworks",
					"@loader_path/Frameworks",
				);
				PRODUCT_BUNDLE_IDENTIFIER = com.mrcormell.TextMemoriserUITests;
				PRODUCT_NAME = "$(TARGET_NAME)";
				SWIFT_VERSION = 5.0;
				TARGETED_DEVICE_FAMILY = "1,2";
				TEST_TARGET_NAME = TextMemoriser;
			};
			name = Debug;
		};
		B4E6648125A20D080087AC26 /* Release */ = {
			isa = XCBuildConfiguration;
			buildSettings = {
				ALWAYS_EMBED_SWIFT_STANDARD_LIBRARIES = YES;
				CODE_SIGN_STYLE = Automatic;
				DEVELOPMENT_TEAM = 599QPW35GD;
				INFOPLIST_FILE = TextMemoriserUITests/Info.plist;
				LD_RUNPATH_SEARCH_PATHS = (
					"$(inherited)",
					"@executable_path/Frameworks",
					"@loader_path/Frameworks",
				);
				PRODUCT_BUNDLE_IDENTIFIER = com.mrcormell.TextMemoriserUITests;
				PRODUCT_NAME = "$(TARGET_NAME)";
				SWIFT_VERSION = 5.0;
				TARGETED_DEVICE_FAMILY = "1,2";
				TEST_TARGET_NAME = TextMemoriser;
			};
			name = Release;
		};
/* End XCBuildConfiguration section */

/* Begin XCConfigurationList section */
		B4E6644F25A20D070087AC26 /* Build configuration list for PBXProject "TextMemoriser" */ = {
			isa = XCConfigurationList;
			buildConfigurations = (
				B4E6647725A20D080087AC26 /* Debug */,
				B4E6647825A20D080087AC26 /* Release */,
			);
			defaultConfigurationIsVisible = 0;
			defaultConfigurationName = Release;
		};
		B4E6647925A20D080087AC26 /* Build configuration list for PBXNativeTarget "TextMemoriser" */ = {
			isa = XCConfigurationList;
			buildConfigurations = (
				B4E6647A25A20D080087AC26 /* Debug */,
				B4E6647B25A20D080087AC26 /* Release */,
			);
			defaultConfigurationIsVisible = 0;
			defaultConfigurationName = Release;
		};
		B4E6647C25A20D080087AC26 /* Build configuration list for PBXNativeTarget "TextMemoriserTests" */ = {
			isa = XCConfigurationList;
			buildConfigurations = (
				B4E6647D25A20D080087AC26 /* Debug */,
				B4E6647E25A20D080087AC26 /* Release */,
			);
			defaultConfigurationIsVisible = 0;
			defaultConfigurationName = Release;
		};
		B4E6647F25A20D080087AC26 /* Build configuration list for PBXNativeTarget "TextMemoriserUITests" */ = {
			isa = XCConfigurationList;
			buildConfigurations = (
				B4E6648025A20D080087AC26 /* Debug */,
				B4E6648125A20D080087AC26 /* Release */,
			);
			defaultConfigurationIsVisible = 0;
			defaultConfigurationName = Release;
		};
/* End XCConfigurationList section */

/* Begin XCRemoteSwiftPackageReference section */
		B44ACC592E8C025F00EAC45E /* XCRemoteSwiftPackageReference "ConfettiSwiftUI" */ = {
			isa = XCRemoteSwiftPackageReference;
			repositoryURL = "https://github.com/simibac/ConfettiSwiftUI.git";
			requirement = {
				kind = upToNextMajorVersion;
				minimumVersion = 2.0.3;
			};
		};
/* End XCRemoteSwiftPackageReference section */

/* Begin XCSwiftPackageProductDependency section */
		B44ACC5A2E8C025F00EAC45E /* ConfettiSwiftUI */ = {
			isa = XCSwiftPackageProductDependency;
			package = B44ACC592E8C025F00EAC45E /* XCRemoteSwiftPackageReference "ConfettiSwiftUI" */;
			productName = ConfettiSwiftUI;
		};
/* End XCSwiftPackageProductDependency section */
	};
	rootObject = B4E6644C25A20D070087AC26 /* Project object */;
}
